
Microsoft Visual Studio Solution File, Format Version 12.00
# Visual Studio Version 17
VisualStudioVersion = 17.6.33927.249
MinimumVisualStudioVersion = 10.0.40219.1
Project("{FAE04EC0-301F-11D3-BF4B-00C04F79EFBC}") = "Business", "Business\Business.csproj", "{817B0B4D-6CBA-4DE9-A635-ED9A993EEEC4}"
EndProject
Project("{FAE04EC0-301F-11D3-BF4B-00C04F79EFBC}") = "Core", "Core\Core.csproj", "{05B5CCD0-0A78-4317-AE6C-535155D20E12}"
EndProject
Project("{FAE04EC0-301F-11D3-BF4B-00C04F79EFBC}") = "DataAccess", "DataAccess\DataAccess.csproj", "{A9F7A9CF-E982-41FB-A5F8-42E1481D1AAB}"
EndProject
Project("{FAE04EC0-301F-11D3-BF4B-00C04F79EFBC}") = "Entities", "Entities\Entities.csproj", "{D8C7939F-C5D1-45F5-9197-1D957F5C65AF}"
EndProject
Project("{FAE04EC0-301F-11D3-BF4B-00C04F79EFBC}") = "WebAPI", "WebAPI\WebAPI.csproj", "{3EDA4FFF-C2FB-4BE4-BF87-83D826D1DDAC}"
EndProject
Global
	GlobalSection(SolutionConfigurationPlatforms) = preSolution
		Debug|Any CPU = Debug|Any CPU
		Release|Any CPU = Release|Any CPU
	EndGlobalSection
	GlobalSection(ProjectConfigurationPlatforms) = postSolution
		{817B0B4D-6CBA-4DE9-A635-ED9A993EEEC4}.Debug|Any CPU.ActiveCfg = Debug|Any CPU
		{817B0B4D-6CBA-4DE9-A635-ED9A993EEEC4}.Debug|Any CPU.Build.0 = Debug|Any CPU
		{817B0B4D-6CBA-4DE9-A635-ED9A993EEEC4}.Release|Any CPU.ActiveCfg = Release|Any CPU
		{817B0B4D-6CBA-4DE9-A635-ED9A993EEEC4}.Release|Any CPU.Build.0 = Release|Any CPU
		{05B5CCD0-0A78-4317-AE6C-535155D20E12}.Debug|Any CPU.ActiveCfg = Debug|Any CPU
		{05B5CCD0-0A78-4317-AE6C-535155D20E12}.Debug|Any CPU.Build.0 = Debug|Any CPU
		{05B5CCD0-0A78-4317-AE6C-535155D20E12}.Release|Any CPU.ActiveCfg = Release|Any CPU
		{05B5CCD0-0A78-4317-AE6C-535155D20E12}.Release|Any CPU.Build.0 = Release|Any CPU
		{A9F7A9CF-E982-41FB-A5F8-42E1481D1AAB}.Debug|Any CPU.ActiveCfg = Debug|Any CPU
		{A9F7A9CF-E982-41FB-A5F8-42E1481D1AAB}.Debug|Any CPU.Build.0 = Debug|Any CPU
		{A9F7A9CF-E982-41FB-A5F8-42E1481D1AAB}.Release|Any CPU.ActiveCfg = Release|Any CPU
		{A9F7A9CF-E982-41FB-A5F8-42E1481D1AAB}.Release|Any CPU.Build.0 = Release|Any CPU
		{D8C7939F-C5D1-45F5-9197-1D957F5C65AF}.Debug|Any CPU.ActiveCfg = Debug|Any CPU
		{D8C7939F-C5D1-45F5-9197-1D957F5C65AF}.Debug|Any CPU.Build.0 = Debug|Any CPU
		{D8C7939F-C5D1-45F5-9197-1D957F5C65AF}.Release|Any CPU.ActiveCfg = Release|Any CPU
		{D8C7939F-C5D1-45F5-9197-1D957F5C65AF}.Release|Any CPU.Build.0 = Release|Any CPU
		{3EDA4FFF-C2FB-4BE4-BF87-83D826D1DDAC}.Debug|Any CPU.ActiveCfg = Debug|Any CPU
		{3EDA4FFF-C2FB-4BE4-BF87-83D826D1DDAC}.Debug|Any CPU.Build.0 = Debug|Any CPU
		{3EDA4FFF-C2FB-4BE4-BF87-83D826D1DDAC}.Release|Any CPU.ActiveCfg = Release|Any CPU
		{3EDA4FFF-C2FB-4BE4-BF87-83D826D1DDAC}.Release|Any CPU.Build.0 = Release|Any CPU
	EndGlobalSection
	GlobalSection(SolutionProperties) = preSolution
		HideSolutionNode = FALSE
	EndGlobalSection
	GlobalSection(ExtensibilityGlobals) = postSolution
		SolutionGuid = {3068A5F8-C129-46CA-80CC-27A643411738}
	EndGlobalSection
EndGlobal
